
Microsoft Visual Studio Solution File, Format Version 12.00
# Visual Studio Version 17
VisualStudioVersion = 17.7.34031.279
MinimumVisualStudioVersion = 10.0.40219.1
Project("{9A19103F-16F7-4668-BE54-9A1E7A4F7556}") = "IntegrationExternalParty.Data", "IntegrationExternalParty.Data\IntegrationExternalParty.Data.csproj", "{2794A61A-1032-48CB-92A1-EAA177EC7F43}"
EndProject
Project("{9A19103F-16F7-4668-BE54-9A1E7A4F7556}") = "IntegrationExternalParty.Domain", "IntegrationExternalParty.Domain\IntegrationExternalParty.Domain.csproj", "{49165483-C9F6-41A2-9A2F-E174694C9E4C}"
EndProject
Project("{9A19103F-16F7-4668-BE54-9A1E7A4F7556}") = "IntegrationExternalParty.Service", "IntegrationExternalParty.Service\IntegrationExternalParty.Service.csproj", "{0DDEA2BF-0C48-4D62-843B-FD946F5EC757}"
EndProject
Project("{FAE04EC0-301F-11D3-BF4B-00C04F79EFBC}") = "IntegrationExternalParty.MVC", "IntegrationExternalParty.MVC\IntegrationExternalParty.MVC.csproj", "{EF206B65-5E98-4A79-867B-5F0F4FBF2162}"
EndProject
Global
	GlobalSection(SolutionConfigurationPlatforms) = preSolution
		Debug|Any CPU = Debug|Any CPU
		Release|Any CPU = Release|Any CPU
	EndGlobalSection
	GlobalSection(ProjectConfigurationPlatforms) = postSolution
		{2794A61A-1032-48CB-92A1-EAA177EC7F43}.Debug|Any CPU.ActiveCfg = Debug|Any CPU
		{2794A61A-1032-48CB-92A1-EAA177EC7F43}.Debug|Any CPU.Build.0 = Debug|Any CPU
		{2794A61A-1032-48CB-92A1-EAA177EC7F43}.Release|Any CPU.ActiveCfg = Release|Any CPU
		{2794A61A-1032-48CB-92A1-EAA177EC7F43}.Release|Any CPU.Build.0 = Release|Any CPU
		{49165483-C9F6-41A2-9A2F-E174694C9E4C}.Debug|Any CPU.ActiveCfg = Debug|Any CPU
		{49165483-C9F6-41A2-9A2F-E174694C9E4C}.Debug|Any CPU.Build.0 = Debug|Any CPU
		{49165483-C9F6-41A2-9A2F-E174694C9E4C}.Release|Any CPU.ActiveCfg = Release|Any CPU
		{49165483-C9F6-41A2-9A2F-E174694C9E4C}.Release|Any CPU.Build.0 = Release|Any CPU
		{0DDEA2BF-0C48-4D62-843B-FD946F5EC757}.Debug|Any CPU.ActiveCfg = Debug|Any CPU
		{0DDEA2BF-0C48-4D62-843B-FD946F5EC757}.Debug|Any CPU.Build.0 = Debug|Any CPU
		{0DDEA2BF-0C48-4D62-843B-FD946F5EC757}.Release|Any CPU.ActiveCfg = Release|Any CPU
		{0DDEA2BF-0C48-4D62-843B-FD946F5EC757}.Release|Any CPU.Build.0 = Release|Any CPU
		{EF206B65-5E98-4A79-867B-5F0F4FBF2162}.Debug|Any CPU.ActiveCfg = Debug|Any CPU
		{EF206B65-5E98-4A79-867B-5F0F4FBF2162}.Debug|Any CPU.Build.0 = Debug|Any CPU
		{EF206B65-5E98-4A79-867B-5F0F4FBF2162}.Release|Any CPU.ActiveCfg = Release|Any CPU
		{EF206B65-5E98-4A79-867B-5F0F4FBF2162}.Release|Any CPU.Build.0 = Release|Any CPU
	EndGlobalSection
	GlobalSection(SolutionProperties) = preSolution
		HideSolutionNode = FALSE
	EndGlobalSection
	GlobalSection(ExtensibilityGlobals) = postSolution
		SolutionGuid = {E7A83974-0C20-49C2-B0E4-E8D511998F5B}
	EndGlobalSection
EndGlobal
